
Microsoft Visual Studio Solution File, Format Version 12.00
# Visual Studio Version 17
VisualStudioVersion = 17.7.34024.191
MinimumVisualStudioVersion = 10.0.40219.1
Project("{FAE04EC0-301F-11D3-BF4B-00C04F79EFBC}") = "PRN_PRJ", "PRN_PRJ.csproj", "{1837D021-0A4B-469C-95A5-CAA3CD008A03}"
EndProject
Global
	GlobalSection(SolutionConfigurationPlatforms) = preSolution
		Debug|Any CPU = Debug|Any CPU
		Release|Any CPU = Release|Any CPU
	EndGlobalSection
	GlobalSection(ProjectConfigurationPlatforms) = postSolution
		{1837D021-0A4B-469C-95A5-CAA3CD008A03}.Debug|Any CPU.ActiveCfg = Debug|Any CPU
		{1837D021-0A4B-469C-95A5-CAA3CD008A03}.Debug|Any CPU.Build.0 = Debug|Any CPU
		{1837D021-0A4B-469C-95A5-CAA3CD008A03}.Release|Any CPU.ActiveCfg = Release|Any CPU
		{1837D021-0A4B-469C-95A5-CAA3CD008A03}.Release|Any CPU.Build.0 = Release|Any CPU
	EndGlobalSection
	GlobalSection(SolutionProperties) = preSolution
		HideSolutionNode = FALSE
	EndGlobalSection
	GlobalSection(ExtensibilityGlobals) = postSolution
		SolutionGuid = {80922B1B-1527-495B-8BA7-4DF2FC4BEE05}
	EndGlobalSection
EndGlobal
